
Microsoft Visual Studio Solution File, Format Version 12.00
# Visual Studio 15
VisualStudioVersion = 15.0.27428.2037
MinimumVisualStudioVersion = 10.0.40219.1
Project("{FAE04EC0-301F-11D3-BF4B-00C04F79EFBC}") = "GC_lab5", "GC_lab5\GC_lab5.csproj", "{320F21C1-AE8B-48B7-AEF0-67CC96A10F9F}"
EndProject
Global
	GlobalSection(SolutionConfigurationPlatforms) = preSolution
		Debug|Any CPU = Debug|Any CPU
		Release|Any CPU = Release|Any CPU
	EndGlobalSection
	GlobalSection(ProjectConfigurationPlatforms) = postSolution
		{320F21C1-AE8B-48B7-AEF0-67CC96A10F9F}.Debug|Any CPU.ActiveCfg = Debug|Any CPU
		{320F21C1-AE8B-48B7-AEF0-67CC96A10F9F}.Debug|Any CPU.Build.0 = Debug|Any CPU
		{320F21C1-AE8B-48B7-AEF0-67CC96A10F9F}.Release|Any CPU.ActiveCfg = Release|Any CPU
		{320F21C1-AE8B-48B7-AEF0-67CC96A10F9F}.Release|Any CPU.Build.0 = Release|Any CPU
	EndGlobalSection
	GlobalSection(SolutionProperties) = preSolution
		HideSolutionNode = FALSE
	EndGlobalSection
	GlobalSection(ExtensibilityGlobals) = postSolution
		SolutionGuid = {B1588D29-B534-466C-9D80-5072654BCC55}
	EndGlobalSection
EndGlobal
